
Microsoft Visual Studio Solution File, Format Version 12.00
Project("{2150E333-8FDC-42A3-9474-1A3956D46DE8}") = "src", "src", "{41A68571-614C-4F40-A2DB-7CB9EECE2FDC}"
EndProject
Project("{FAE04EC0-301F-11D3-BF4B-00C04F79EFBC}") = "TiaSoftBackend.API", "TiaSoftBackend.API\TiaSoftBackend.API.csproj", "{CC6DC3A4-DF56-4DCF-87A8-326E1E558E55}"
EndProject
Project("{FAE04EC0-301F-11D3-BF4B-00C04F79EFBC}") = "TiaSoftBackend.Data", "TiaSoftBackend.Data\TiaSoftBackend.Data.csproj", "{E7CC1D0C-56B3-4F1A-B7E8-0E38B53BC63D}"
EndProject
Project("{FAE04EC0-301F-11D3-BF4B-00C04F79EFBC}") = "TiaSoftBackend.UseCases", "TiaSoftBackend.UseCases\TiaSoftBackend.UseCases.csproj", "{E43C8235-6C1A-4A66-A5C5-79AAD694C2E8}"
EndProject
Project("{FAE04EC0-301F-11D3-BF4B-00C04F79EFBC}") = "TiaSoftBackend.DTOs", "TiaSoftBackend.DTOs\TiaSoftBackend.DTOs.csproj", "{410ECFEB-E1BA-4C6D-95E5-DAD4841092D1}"
EndProject
Global
	GlobalSection(SolutionConfigurationPlatforms) = preSolution
		Debug|Any CPU = Debug|Any CPU
		Release|Any CPU = Release|Any CPU
	EndGlobalSection
	GlobalSection(ProjectConfigurationPlatforms) = postSolution
		{CC6DC3A4-DF56-4DCF-87A8-326E1E558E55}.Debug|Any CPU.ActiveCfg = Debug|Any CPU
		{CC6DC3A4-DF56-4DCF-87A8-326E1E558E55}.Debug|Any CPU.Build.0 = Debug|Any CPU
		{CC6DC3A4-DF56-4DCF-87A8-326E1E558E55}.Release|Any CPU.ActiveCfg = Release|Any CPU
		{CC6DC3A4-DF56-4DCF-87A8-326E1E558E55}.Release|Any CPU.Build.0 = Release|Any CPU
		{E7CC1D0C-56B3-4F1A-B7E8-0E38B53BC63D}.Debug|Any CPU.ActiveCfg = Debug|Any CPU
		{E7CC1D0C-56B3-4F1A-B7E8-0E38B53BC63D}.Debug|Any CPU.Build.0 = Debug|Any CPU
		{E7CC1D0C-56B3-4F1A-B7E8-0E38B53BC63D}.Release|Any CPU.ActiveCfg = Release|Any CPU
		{E7CC1D0C-56B3-4F1A-B7E8-0E38B53BC63D}.Release|Any CPU.Build.0 = Release|Any CPU
		{E43C8235-6C1A-4A66-A5C5-79AAD694C2E8}.Debug|Any CPU.ActiveCfg = Debug|Any CPU
		{E43C8235-6C1A-4A66-A5C5-79AAD694C2E8}.Debug|Any CPU.Build.0 = Debug|Any CPU
		{E43C8235-6C1A-4A66-A5C5-79AAD694C2E8}.Release|Any CPU.ActiveCfg = Release|Any CPU
		{E43C8235-6C1A-4A66-A5C5-79AAD694C2E8}.Release|Any CPU.Build.0 = Release|Any CPU
		{410ECFEB-E1BA-4C6D-95E5-DAD4841092D1}.Debug|Any CPU.ActiveCfg = Debug|Any CPU
		{410ECFEB-E1BA-4C6D-95E5-DAD4841092D1}.Debug|Any CPU.Build.0 = Debug|Any CPU
		{410ECFEB-E1BA-4C6D-95E5-DAD4841092D1}.Release|Any CPU.ActiveCfg = Release|Any CPU
		{410ECFEB-E1BA-4C6D-95E5-DAD4841092D1}.Release|Any CPU.Build.0 = Release|Any CPU
	EndGlobalSection
	GlobalSection(NestedProjects) = preSolution
		{CC6DC3A4-DF56-4DCF-87A8-326E1E558E55} = {41A68571-614C-4F40-A2DB-7CB9EECE2FDC}
		{E7CC1D0C-56B3-4F1A-B7E8-0E38B53BC63D} = {41A68571-614C-4F40-A2DB-7CB9EECE2FDC}
		{E43C8235-6C1A-4A66-A5C5-79AAD694C2E8} = {41A68571-614C-4F40-A2DB-7CB9EECE2FDC}
		{410ECFEB-E1BA-4C6D-95E5-DAD4841092D1} = {41A68571-614C-4F40-A2DB-7CB9EECE2FDC}
	EndGlobalSection
EndGlobal
