
Microsoft Visual Studio Solution File, Format Version 12.00
Project("{FAE04EC0-301F-11D3-BF4B-00C04F79EFBC}") = "TiaSoftBackend", "TiaSoftBackend\TiaSoftBackend.csproj", "{297AB11A-BABA-4FC9-BCCF-D18E5A4D881A}"
EndProject
Global
	GlobalSection(SolutionConfigurationPlatforms) = preSolution
		Debug|Any CPU = Debug|Any CPU
		Release|Any CPU = Release|Any CPU
	EndGlobalSection
	GlobalSection(ProjectConfigurationPlatforms) = postSolution
		{297AB11A-BABA-4FC9-BCCF-D18E5A4D881A}.Debug|Any CPU.ActiveCfg = Debug|Any CPU
		{297AB11A-BABA-4FC9-BCCF-D18E5A4D881A}.Debug|Any CPU.Build.0 = Debug|Any CPU
		{297AB11A-BABA-4FC9-BCCF-D18E5A4D881A}.Release|Any CPU.ActiveCfg = Release|Any CPU
		{297AB11A-BABA-4FC9-BCCF-D18E5A4D881A}.Release|Any CPU.Build.0 = Release|Any CPU
	EndGlobalSection
EndGlobal
